
Microsoft Visual Studio Solution File, Format Version 9.00
# Visual Studio 2005
Project("{FAE04EC0-301F-11D3-BF4B-00C04F79EFBC}") = "TextEditor", "TextEditor.csproj", "{5E3DE106-9297-4999-9BAC-AF736514605E}"
EndProject
Global
	GlobalSection(DPCodeReviewSolutionGUID) = preSolution
		DPCodeReviewSolutionGUID = {00000000-0000-0000-0000-000000000000}
	EndGlobalSection
	GlobalSection(SolutionConfigurationPlatforms) = preSolution
		Debug|Any CPU = Debug|Any CPU
		Release|Any CPU = Release|Any CPU
	EndGlobalSection
	GlobalSection(ProjectConfigurationPlatforms) = postSolution
		{5E3DE106-9297-4999-9BAC-AF736514605E}.Debug|Any CPU.ActiveCfg = Debug|Any CPU
		{5E3DE106-9297-4999-9BAC-AF736514605E}.Debug|Any CPU.Build.0 = Debug|Any CPU
		{5E3DE106-9297-4999-9BAC-AF736514605E}.Release|Any CPU.ActiveCfg = Release|Any CPU
		{5E3DE106-9297-4999-9BAC-AF736514605E}.Release|Any CPU.Build.0 = Release|Any CPU
	EndGlobalSection
	GlobalSection(SolutionProperties) = preSolution
		HideSolutionNode = FALSE
	EndGlobalSection
EndGlobal
