Microsoft Visual Studio Solution File, Format Version 9.00
# Visual Studio 2005
Project("{8BC9CEB8-8B4A-11D0-8D11-00A0C91BC942}") = "Menge", "src\Menge\Menge.vcproj", "{61566E24-14DC-456C-A864-772C5064FDBA}"
	ProjectSection(WebsiteProperties) = preProject
		Debug.AspNetCompiler.Debug = "True"
		Release.AspNetCompiler.Debug = "False"
	EndProjectSection
	ProjectSection(ProjectDependencies) = postProject
		{CBADA4A8-0E45-4C56-883F-90F87AC5FFF0} = {CBADA4A8-0E45-4C56-883F-90F87AC5FFF0}
		{73E25478-3097-462B-913C-2B5EFC8ADD62} = {73E25478-3097-462B-913C-2B5EFC8ADD62}
	EndProjectSection
EndProject
Project("{2150E333-8FDC-42A3-9474-1A3956D46DE8}") = "Interface", "Interface", "{3D722BE0-FA23-4F25-9EB5-DE38822083E6}"
	ProjectSection(WebsiteProperties) = preProject
		Debug.AspNetCompiler.Debug = "True"
		Release.AspNetCompiler.Debug = "False"
	EndProjectSection
	ProjectSection(SolutionItems) = preProject
		src\Interface\ApplicationInterface.h = src\Interface\ApplicationInterface.h
		src\Interface\CodecInterface.h = src\Interface\CodecInterface.h
		src\Interface\FileSystemInterface.h = src\Interface\FileSystemInterface.h
		src\Interface\ImageCodecInterface.h = src\Interface\ImageCodecInterface.h
		src\Interface\InputSystemInterface.h = src\Interface\InputSystemInterface.h
		src\Interface\LogSystemInterface.h = src\Interface\LogSystemInterface.h
		src\Interface\ParticleSystemInterface.h = src\Interface\ParticleSystemInterface.h
		src\Interface\PhysicSystem2DInterface.h = src\Interface\PhysicSystem2DInterface.h
		src\Interface\PhysicSystemInterface.h = src\Interface\PhysicSystemInterface.h
		src\Interface\RenderSystemInterface.h = src\Interface\RenderSystemInterface.h
		src\Interface\SoundCodecInterface.h = src\Interface\SoundCodecInterface.h
		src\Interface\SoundSystemInterface.h = src\Interface\SoundSystemInterface.h
		src\Interface\VideoCodecInterface.h = src\Interface\VideoCodecInterface.h
	EndProjectSection
EndProject
Project("{2150E333-8FDC-42A3-9474-1A3956D46DE8}") = "libs", "libs", "{AD697881-E6E1-46E5-9220-2D07D6AA1850}"
	ProjectSection(WebsiteProperties) = preProject
		Debug.AspNetCompiler.Debug = "True"
		Release.AspNetCompiler.Debug = "False"
	EndProjectSection
EndProject
Project("{8BC9CEB8-8B4A-11D0-8D11-00A0C91BC942}") = "XmlParser", "src\libs\XmlParser\XmlParser.vcproj", "{73E25478-3097-462B-913C-2B5EFC8ADD62}"
	ProjectSection(WebsiteProperties) = preProject
		Debug.AspNetCompiler.Debug = "True"
		Release.AspNetCompiler.Debug = "False"
	EndProjectSection
EndProject
Project("{8BC9CEB8-8B4A-11D0-8D11-00A0C91BC942}") = "Math", "src\libs\Math\math.vcproj", "{CBADA4A8-0E45-4C56-883F-90F87AC5FFF0}"
	ProjectSection(WebsiteProperties) = preProject
		Debug.AspNetCompiler.Debug = "True"
		Release.AspNetCompiler.Debug = "False"
	EndProjectSection
EndProject
Project("{2150E333-8FDC-42A3-9474-1A3956D46DE8}") = "Systems", "Systems", "{433B781E-46DE-4222-964E-5E795FC7FEDE}"
	ProjectSection(WebsiteProperties) = preProject
		Debug.AspNetCompiler.Debug = "True"
		Release.AspNetCompiler.Debug = "False"
	EndProjectSection
EndProject
Project("{8BC9CEB8-8B4A-11D0-8D11-00A0C91BC942}") = "AstralaxParticleSystem", "src\System\AstralaxParticleSystem\AstralaxParticleSystem.vcproj", "{BD7118E1-FE5A-4A90-AA51-EEB8717E2485}"
	ProjectSection(WebsiteProperties) = preProject
		Debug.AspNetCompiler.Debug = "True"
		Release.AspNetCompiler.Debug = "False"
	EndProjectSection
EndProject
Project("{8BC9CEB8-8B4A-11D0-8D11-00A0C91BC942}") = "PhysXPhysicSystem", "src\System\PhysXPhysicSystem\PhysXPhysicSystem.vcproj", "{8AF4E2F5-C021-40B7-A40C-59200252B28B}"
	ProjectSection(WebsiteProperties) = preProject
		Debug.AspNetCompiler.Debug = "True"
		Release.AspNetCompiler.Debug = "False"
	EndProjectSection
EndProject
Project("{8BC9CEB8-8B4A-11D0-8D11-00A0C91BC942}") = "WinApplication", "src\WinApplication\WinApplication.vcproj", "{007FE38A-A6E1-411A-AAA8-E1EFBE6B80F8}"
	ProjectSection(WebsiteProperties) = preProject
		Debug.AspNetCompiler.Debug = "True"
		Release.AspNetCompiler.Debug = "False"
	EndProjectSection
	ProjectSection(ProjectDependencies) = postProject
		{C547930F-B96F-42EA-AF9F-C510C418D82C} = {C547930F-B96F-42EA-AF9F-C510C418D82C}
		{3707D63A-C9C4-41C0-8D53-47B8F1616BE1} = {3707D63A-C9C4-41C0-8D53-47B8F1616BE1}
		{41B25F3A-3157-4F77-8FBC-C7BE92E9BCC0} = {41B25F3A-3157-4F77-8FBC-C7BE92E9BCC0}
		{F055D8C9-3510-4462-BB47-0CBB9224C643} = {F055D8C9-3510-4462-BB47-0CBB9224C643}
		{FB8DF384-1F79-4E2E-8FB2-1BC4173A6ACD} = {FB8DF384-1F79-4E2E-8FB2-1BC4173A6ACD}
		{81CC5F52-7C7B-4DD0-85BC-4EC29FA457AC} = {81CC5F52-7C7B-4DD0-85BC-4EC29FA457AC}
		{17127636-4C7D-42C4-AA40-79DAEE145E8B} = {17127636-4C7D-42C4-AA40-79DAEE145E8B}
		{61566E24-14DC-456C-A864-772C5064FDBA} = {61566E24-14DC-456C-A864-772C5064FDBA}
	EndProjectSection
EndProject
Project("{8BC9CEB8-8B4A-11D0-8D11-00A0C91BC942}") = "Box2DPhysicSystem", "src\System\Box2DPhysicSystem\Box2DPhysicSystem.vcproj", "{17127636-4C7D-42C4-AA40-79DAEE145E8B}"
	ProjectSection(WebsiteProperties) = preProject
		Debug.AspNetCompiler.Debug = "True"
		Release.AspNetCompiler.Debug = "False"
	EndProjectSection
EndProject
Project("{2150E333-8FDC-42A3-9474-1A3956D46DE8}") = "Config", "Config", "{A5E5ABE9-3146-476C-8B4D-BFE02C0CEF31}"
	ProjectSection(WebsiteProperties) = preProject
		Debug.AspNetCompiler.Debug = "True"
		Release.AspNetCompiler.Debug = "False"
	EndProjectSection
	ProjectSection(SolutionItems) = preProject
		src\Config\Config.h = src\Config\Config.h
		src\Config\Platform.h = src\Config\Platform.h
		src\Config\Typedef.h = src\Config\Typedef.h
	EndProjectSection
EndProject
Project("{8BC9CEB8-8B4A-11D0-8D11-00A0C91BC942}") = "MengeLogSystem", "src\System\MengeLogSystem\MengeLogSystem.vcproj", "{FB8DF384-1F79-4E2E-8FB2-1BC4173A6ACD}"
	ProjectSection(WebsiteProperties) = preProject
		Debug.AspNetCompiler.Debug = "True"
		Release.AspNetCompiler.Debug = "False"
	EndProjectSection
EndProject
Project("{8BC9CEB8-8B4A-11D0-8D11-00A0C91BC942}") = "HGERenderSystem", "src\System\HGERenderSystem\HGERenderSystem.vcproj", "{C547930F-B96F-42EA-AF9F-C510C418D82C}"
	ProjectSection(WebsiteProperties) = preProject
		Debug.AspNetCompiler.Debug = "True"
		Release.AspNetCompiler.Debug = "False"
	EndProjectSection
EndProject
Project("{8BC9CEB8-8B4A-11D0-8D11-00A0C91BC942}") = "OISInputSystem", "src\System\OISInputSystem\OISInputSystem.vcproj", "{F055D8C9-3510-4462-BB47-0CBB9224C643}"
	ProjectSection(WebsiteProperties) = preProject
		Debug.AspNetCompiler.Debug = "True"
		Release.AspNetCompiler.Debug = "False"
	EndProjectSection
EndProject
Project("{8BC9CEB8-8B4A-11D0-8D11-00A0C91BC942}") = "MengeWin32FileSystem", "src\System\MengeWin32FileSystem\FileSystem.vcproj", "{41B25F3A-3157-4F77-8FBC-C7BE92E9BCC0}"
	ProjectSection(WebsiteProperties) = preProject
		Debug.AspNetCompiler.Debug = "True"
		Release.AspNetCompiler.Debug = "False"
	EndProjectSection
EndProject
Project("{8BC9CEB8-8B4A-11D0-8D11-00A0C91BC942}") = "OGLRenderSystem", "src\System\OGLRenderSystem\OGLRenderSystem.vcproj", "{81CC5F52-7C7B-4DD0-85BC-4EC29FA457AC}"
	ProjectSection(WebsiteProperties) = preProject
		Debug.AspNetCompiler.Debug = "True"
		Release.AspNetCompiler.Debug = "False"
	EndProjectSection
EndProject
Project("{8BC9CEB8-8B4A-11D0-8D11-00A0C91BC942}") = "OALSoundSystem", "src\System\OALSoundSystem\OALSoundSystem.vcproj", "{3707D63A-C9C4-41C0-8D53-47B8F1616BE1}"
	ProjectSection(WebsiteProperties) = preProject
		Debug.AspNetCompiler.Debug = "True"
		Release.AspNetCompiler.Debug = "False"
	EndProjectSection
EndProject
Global
	GlobalSection(DPCodeReviewSolutionGUID) = preSolution
		DPCodeReviewSolutionGUID = {00000000-0000-0000-0000-000000000000}
	EndGlobalSection
	GlobalSection(SolutionConfigurationPlatforms) = preSolution
		Debug|Win32 = Debug|Win32
		Debug|x64 = Debug|x64
		Release|Win32 = Release|Win32
		Release|x64 = Release|x64
	EndGlobalSection
	GlobalSection(ProjectConfigurationPlatforms) = postSolution
		{61566E24-14DC-456C-A864-772C5064FDBA}.Debug|Win32.ActiveCfg = Debug|Win32
		{61566E24-14DC-456C-A864-772C5064FDBA}.Debug|Win32.Build.0 = Debug|Win32
		{61566E24-14DC-456C-A864-772C5064FDBA}.Debug|x64.ActiveCfg = Debug|Win32
		{61566E24-14DC-456C-A864-772C5064FDBA}.Release|Win32.ActiveCfg = Release|Win32
		{61566E24-14DC-456C-A864-772C5064FDBA}.Release|Win32.Build.0 = Release|Win32
		{61566E24-14DC-456C-A864-772C5064FDBA}.Release|x64.ActiveCfg = Release|Win32
		{73E25478-3097-462B-913C-2B5EFC8ADD62}.Debug|Win32.ActiveCfg = Debug|Win32
		{73E25478-3097-462B-913C-2B5EFC8ADD62}.Debug|Win32.Build.0 = Debug|Win32
		{73E25478-3097-462B-913C-2B5EFC8ADD62}.Debug|x64.ActiveCfg = Debug|Win32
		{73E25478-3097-462B-913C-2B5EFC8ADD62}.Release|Win32.ActiveCfg = Release|Win32
		{73E25478-3097-462B-913C-2B5EFC8ADD62}.Release|Win32.Build.0 = Release|Win32
		{73E25478-3097-462B-913C-2B5EFC8ADD62}.Release|x64.ActiveCfg = Release|Win32
		{CBADA4A8-0E45-4C56-883F-90F87AC5FFF0}.Debug|Win32.ActiveCfg = Debug|Win32
		{CBADA4A8-0E45-4C56-883F-90F87AC5FFF0}.Debug|Win32.Build.0 = Debug|Win32
		{CBADA4A8-0E45-4C56-883F-90F87AC5FFF0}.Debug|x64.ActiveCfg = Debug|Win32
		{CBADA4A8-0E45-4C56-883F-90F87AC5FFF0}.Release|Win32.ActiveCfg = Release|Win32
		{CBADA4A8-0E45-4C56-883F-90F87AC5FFF0}.Release|Win32.Build.0 = Release|Win32
		{CBADA4A8-0E45-4C56-883F-90F87AC5FFF0}.Release|x64.ActiveCfg = Release|Win32
		{BD7118E1-FE5A-4A90-AA51-EEB8717E2485}.Debug|Win32.ActiveCfg = Debug|Win32
		{BD7118E1-FE5A-4A90-AA51-EEB8717E2485}.Debug|Win32.Build.0 = Debug|Win32
		{BD7118E1-FE5A-4A90-AA51-EEB8717E2485}.Debug|x64.ActiveCfg = Debug|Win32
		{BD7118E1-FE5A-4A90-AA51-EEB8717E2485}.Release|Win32.ActiveCfg = Release|Win32
		{BD7118E1-FE5A-4A90-AA51-EEB8717E2485}.Release|Win32.Build.0 = Release|Win32
		{BD7118E1-FE5A-4A90-AA51-EEB8717E2485}.Release|x64.ActiveCfg = Release|Win32
		{8AF4E2F5-C021-40B7-A40C-59200252B28B}.Debug|Win32.ActiveCfg = Debug|Win32
		{8AF4E2F5-C021-40B7-A40C-59200252B28B}.Debug|Win32.Build.0 = Debug|Win32
		{8AF4E2F5-C021-40B7-A40C-59200252B28B}.Debug|x64.ActiveCfg = Debug|Win32
		{8AF4E2F5-C021-40B7-A40C-59200252B28B}.Release|Win32.ActiveCfg = Release|Win32
		{8AF4E2F5-C021-40B7-A40C-59200252B28B}.Release|Win32.Build.0 = Release|Win32
		{8AF4E2F5-C021-40B7-A40C-59200252B28B}.Release|x64.ActiveCfg = Release|Win32
		{007FE38A-A6E1-411A-AAA8-E1EFBE6B80F8}.Debug|Win32.ActiveCfg = Debug|Win32
		{007FE38A-A6E1-411A-AAA8-E1EFBE6B80F8}.Debug|Win32.Build.0 = Debug|Win32
		{007FE38A-A6E1-411A-AAA8-E1EFBE6B80F8}.Debug|x64.ActiveCfg = Debug|Win32
		{007FE38A-A6E1-411A-AAA8-E1EFBE6B80F8}.Release|Win32.ActiveCfg = Release|Win32
		{007FE38A-A6E1-411A-AAA8-E1EFBE6B80F8}.Release|Win32.Build.0 = Release|Win32
		{007FE38A-A6E1-411A-AAA8-E1EFBE6B80F8}.Release|x64.ActiveCfg = Release|Win32
		{17127636-4C7D-42C4-AA40-79DAEE145E8B}.Debug|Win32.ActiveCfg = Debug|Win32
		{17127636-4C7D-42C4-AA40-79DAEE145E8B}.Debug|Win32.Build.0 = Debug|Win32
		{17127636-4C7D-42C4-AA40-79DAEE145E8B}.Debug|x64.ActiveCfg = Debug|Win32
		{17127636-4C7D-42C4-AA40-79DAEE145E8B}.Release|Win32.ActiveCfg = Release|Win32
		{17127636-4C7D-42C4-AA40-79DAEE145E8B}.Release|Win32.Build.0 = Release|Win32
		{17127636-4C7D-42C4-AA40-79DAEE145E8B}.Release|x64.ActiveCfg = Release|Win32
		{FB8DF384-1F79-4E2E-8FB2-1BC4173A6ACD}.Debug|Win32.ActiveCfg = Debug|Win32
		{FB8DF384-1F79-4E2E-8FB2-1BC4173A6ACD}.Debug|Win32.Build.0 = Debug|Win32
		{FB8DF384-1F79-4E2E-8FB2-1BC4173A6ACD}.Debug|x64.ActiveCfg = Debug|Win32
		{FB8DF384-1F79-4E2E-8FB2-1BC4173A6ACD}.Release|Win32.ActiveCfg = Release|Win32
		{FB8DF384-1F79-4E2E-8FB2-1BC4173A6ACD}.Release|Win32.Build.0 = Release|Win32
		{FB8DF384-1F79-4E2E-8FB2-1BC4173A6ACD}.Release|x64.ActiveCfg = Release|Win32
		{C547930F-B96F-42EA-AF9F-C510C418D82C}.Debug|Win32.ActiveCfg = Debug|Win32
		{C547930F-B96F-42EA-AF9F-C510C418D82C}.Debug|Win32.Build.0 = Debug|Win32
		{C547930F-B96F-42EA-AF9F-C510C418D82C}.Debug|x64.ActiveCfg = Debug|Win32
		{C547930F-B96F-42EA-AF9F-C510C418D82C}.Release|Win32.ActiveCfg = Release|Win32
		{C547930F-B96F-42EA-AF9F-C510C418D82C}.Release|Win32.Build.0 = Release|Win32
		{C547930F-B96F-42EA-AF9F-C510C418D82C}.Release|x64.ActiveCfg = Release|Win32
		{F055D8C9-3510-4462-BB47-0CBB9224C643}.Debug|Win32.ActiveCfg = Debug|Win32
		{F055D8C9-3510-4462-BB47-0CBB9224C643}.Debug|Win32.Build.0 = Debug|Win32
		{F055D8C9-3510-4462-BB47-0CBB9224C643}.Debug|x64.ActiveCfg = Debug|Win32
		{F055D8C9-3510-4462-BB47-0CBB9224C643}.Release|Win32.ActiveCfg = Release|Win32
		{F055D8C9-3510-4462-BB47-0CBB9224C643}.Release|Win32.Build.0 = Release|Win32
		{F055D8C9-3510-4462-BB47-0CBB9224C643}.Release|x64.ActiveCfg = Release|Win32
		{41B25F3A-3157-4F77-8FBC-C7BE92E9BCC0}.Debug|Win32.ActiveCfg = Debug|Win32
		{41B25F3A-3157-4F77-8FBC-C7BE92E9BCC0}.Debug|Win32.Build.0 = Debug|Win32
		{41B25F3A-3157-4F77-8FBC-C7BE92E9BCC0}.Debug|x64.ActiveCfg = Debug|Win32
		{41B25F3A-3157-4F77-8FBC-C7BE92E9BCC0}.Release|Win32.ActiveCfg = Release|Win32
		{41B25F3A-3157-4F77-8FBC-C7BE92E9BCC0}.Release|Win32.Build.0 = Release|Win32
		{41B25F3A-3157-4F77-8FBC-C7BE92E9BCC0}.Release|x64.ActiveCfg = Release|Win32
		{81CC5F52-7C7B-4DD0-85BC-4EC29FA457AC}.Debug|Win32.ActiveCfg = Debug|Win32
		{81CC5F52-7C7B-4DD0-85BC-4EC29FA457AC}.Debug|Win32.Build.0 = Debug|Win32
		{81CC5F52-7C7B-4DD0-85BC-4EC29FA457AC}.Debug|x64.ActiveCfg = Debug|Win32
		{81CC5F52-7C7B-4DD0-85BC-4EC29FA457AC}.Release|Win32.ActiveCfg = Release|Win32
		{81CC5F52-7C7B-4DD0-85BC-4EC29FA457AC}.Release|Win32.Build.0 = Release|Win32
		{81CC5F52-7C7B-4DD0-85BC-4EC29FA457AC}.Release|x64.ActiveCfg = Release|Win32
		{3707D63A-C9C4-41C0-8D53-47B8F1616BE1}.Debug|Win32.ActiveCfg = Debug|Win32
		{3707D63A-C9C4-41C0-8D53-47B8F1616BE1}.Debug|Win32.Build.0 = Debug|Win32
		{3707D63A-C9C4-41C0-8D53-47B8F1616BE1}.Debug|x64.ActiveCfg = Debug|Win32
		{3707D63A-C9C4-41C0-8D53-47B8F1616BE1}.Release|Win32.ActiveCfg = Release|Win32
		{3707D63A-C9C4-41C0-8D53-47B8F1616BE1}.Release|Win32.Build.0 = Release|Win32
		{3707D63A-C9C4-41C0-8D53-47B8F1616BE1}.Release|x64.ActiveCfg = Release|Win32
	EndGlobalSection
	GlobalSection(SolutionProperties) = preSolution
		HideSolutionNode = FALSE
	EndGlobalSection
	GlobalSection(NestedProjects) = preSolution
		{73E25478-3097-462B-913C-2B5EFC8ADD62} = {AD697881-E6E1-46E5-9220-2D07D6AA1850}
		{CBADA4A8-0E45-4C56-883F-90F87AC5FFF0} = {AD697881-E6E1-46E5-9220-2D07D6AA1850}
		{BD7118E1-FE5A-4A90-AA51-EEB8717E2485} = {433B781E-46DE-4222-964E-5E795FC7FEDE}
		{8AF4E2F5-C021-40B7-A40C-59200252B28B} = {433B781E-46DE-4222-964E-5E795FC7FEDE}
		{17127636-4C7D-42C4-AA40-79DAEE145E8B} = {433B781E-46DE-4222-964E-5E795FC7FEDE}
		{FB8DF384-1F79-4E2E-8FB2-1BC4173A6ACD} = {433B781E-46DE-4222-964E-5E795FC7FEDE}
		{C547930F-B96F-42EA-AF9F-C510C418D82C} = {433B781E-46DE-4222-964E-5E795FC7FEDE}
		{F055D8C9-3510-4462-BB47-0CBB9224C643} = {433B781E-46DE-4222-964E-5E795FC7FEDE}
		{41B25F3A-3157-4F77-8FBC-C7BE92E9BCC0} = {433B781E-46DE-4222-964E-5E795FC7FEDE}
		{81CC5F52-7C7B-4DD0-85BC-4EC29FA457AC} = {433B781E-46DE-4222-964E-5E795FC7FEDE}
		{3707D63A-C9C4-41C0-8D53-47B8F1616BE1} = {433B781E-46DE-4222-964E-5E795FC7FEDE}
	EndGlobalSection
EndGlobal
