Microsoft Visual Studio Solution File, Format Version 9.00
# Visual Studio 2005
Project("{2150E333-8FDC-42A3-9474-1A3956D46DE8}") = "System", "System", "{BF448BF9-4A00-426F-9E6C-1568088D7EFE}"
EndProject
Project("{2150E333-8FDC-42A3-9474-1A3956D46DE8}") = "Dependencies", "Dependencies", "{A995FA9D-F2B7-459D-A696-76677099A950}"
EndProject
Project("{8BC9CEB8-8B4A-11D0-8D11-00A0C91BC942}") = "Game", "src\Game\Game.vcproj", "{6EDB3869-39FE-4AE5-869E-B6AA9C574E96}"
	ProjectSection(ProjectDependencies) = postProject
		{61566E24-14DC-456C-A864-772C5064FDBA} = {61566E24-14DC-456C-A864-772C5064FDBA}
	EndProjectSection
EndProject
Project("{8BC9CEB8-8B4A-11D0-8D11-00A0C91BC942}") = "Math", "src\Math\math.vcproj", "{C682E666-7FFD-44F7-B717-78CCB29C825E}"
EndProject
Project("{8BC9CEB8-8B4A-11D0-8D11-00A0C91BC942}") = "Menge", "src\Menge\Menge.vcproj", "{61566E24-14DC-456C-A864-772C5064FDBA}"
	ProjectSection(ProjectDependencies) = postProject
		{C682E666-7FFD-44F7-B717-78CCB29C825E} = {C682E666-7FFD-44F7-B717-78CCB29C825E}
		{CF682BF0-2596-44B6-9599-4FB28DB2693C} = {CF682BF0-2596-44B6-9599-4FB28DB2693C}
		{7CBABEF6-033F-4796-A924-3F4024A36CD1} = {7CBABEF6-033F-4796-A924-3F4024A36CD1}
		{A1D8E0F7-1A31-488E-A00D-E9E932E33638} = {A1D8E0F7-1A31-488E-A00D-E9E932E33638}
	EndProjectSection
EndProject
Project("{8BC9CEB8-8B4A-11D0-8D11-00A0C91BC942}") = "SoundSystem", "src\System\SoundSystem\SoundSystem.vcproj", "{E42D8FF7-12C1-4105-AFFD-4376291B8726}"
EndProject
Project("{8BC9CEB8-8B4A-11D0-8D11-00A0C91BC942}") = "RenderSystem", "src\System\RenderSystem\RenderSystem.vcproj", "{E28810F1-EF61-463A-87B6-87AA347B301F}"
	ProjectSection(ProjectDependencies) = postProject
		{C682E666-7FFD-44F7-B717-78CCB29C825E} = {C682E666-7FFD-44F7-B717-78CCB29C825E}
	EndProjectSection
EndProject
Project("{8BC9CEB8-8B4A-11D0-8D11-00A0C91BC942}") = "InputSystem", "src\System\InputSystem\InputSystem.vcproj", "{36FF0DC6-DE9E-4634-AC97-7A6DD66858C0}"
	ProjectSection(ProjectDependencies) = postProject
		{C682E666-7FFD-44F7-B717-78CCB29C825E} = {C682E666-7FFD-44F7-B717-78CCB29C825E}
	EndProjectSection
EndProject
Project("{8BC9CEB8-8B4A-11D0-8D11-00A0C91BC942}") = "FileSystem", "src\System\FileSystem\FileSystem.vcproj", "{C3234B95-9A4A-49CA-9358-027A1939BBE8}"
EndProject
Project("{8BC9CEB8-8B4A-11D0-8D11-00A0C91BC942}") = "TinyXml", "src\Dependencies\TinyXml\TinyXml.vcproj", "{7CBABEF6-033F-4796-A924-3F4024A36CD1}"
EndProject
Project("{8BC9CEB8-8B4A-11D0-8D11-00A0C91BC942}") = "Lua", "src\Dependencies\Lua\Lua.vcproj", "{EE988254-43FD-40A6-85AE-AA484107AD9C}"
EndProject
Project("{2150E333-8FDC-42A3-9474-1A3956D46DE8}") = "Framework", "Framework", "{6D904FB7-7145-4AF8-AF2B-58F2E139BE37}"
EndProject
Project("{8BC9CEB8-8B4A-11D0-8D11-00A0C91BC942}") = "lua_boost", "framework\lua_boost\lua_boost.vcproj", "{A1D8E0F7-1A31-488E-A00D-E9E932E33638}"
	ProjectSection(ProjectDependencies) = postProject
		{EE988254-43FD-40A6-85AE-AA484107AD9C} = {EE988254-43FD-40A6-85AE-AA484107AD9C}
	EndProjectSection
EndProject
Project("{8BC9CEB8-8B4A-11D0-8D11-00A0C91BC942}") = "MngReader", "src\MngReader\MngReader.vcproj", "{CF682BF0-2596-44B6-9599-4FB28DB2693C}"
EndProject
Global
	GlobalSection(SolutionConfigurationPlatforms) = preSolution
		Debug|Win32 = Debug|Win32
		DebugExe|Win32 = DebugExe|Win32
		EditorDebug|Win32 = EditorDebug|Win32
		EditorRelease|Win32 = EditorRelease|Win32
		Release|Win32 = Release|Win32
	EndGlobalSection
	GlobalSection(ProjectConfigurationPlatforms) = postSolution
		{6EDB3869-39FE-4AE5-869E-B6AA9C574E96}.Debug|Win32.ActiveCfg = Debug|Win32
		{6EDB3869-39FE-4AE5-869E-B6AA9C574E96}.Debug|Win32.Build.0 = Debug|Win32
		{6EDB3869-39FE-4AE5-869E-B6AA9C574E96}.DebugExe|Win32.ActiveCfg = Debug|Win32
		{6EDB3869-39FE-4AE5-869E-B6AA9C574E96}.DebugExe|Win32.Build.0 = Debug|Win32
		{6EDB3869-39FE-4AE5-869E-B6AA9C574E96}.EditorDebug|Win32.ActiveCfg = Debug|Win32
		{6EDB3869-39FE-4AE5-869E-B6AA9C574E96}.EditorDebug|Win32.Build.0 = Debug|Win32
		{6EDB3869-39FE-4AE5-869E-B6AA9C574E96}.EditorRelease|Win32.ActiveCfg = Release|Win32
		{6EDB3869-39FE-4AE5-869E-B6AA9C574E96}.EditorRelease|Win32.Build.0 = Release|Win32
		{6EDB3869-39FE-4AE5-869E-B6AA9C574E96}.Release|Win32.ActiveCfg = Release|Win32
		{6EDB3869-39FE-4AE5-869E-B6AA9C574E96}.Release|Win32.Build.0 = Release|Win32
		{C682E666-7FFD-44F7-B717-78CCB29C825E}.Debug|Win32.ActiveCfg = Debug|Win32
		{C682E666-7FFD-44F7-B717-78CCB29C825E}.Debug|Win32.Build.0 = Debug|Win32
		{C682E666-7FFD-44F7-B717-78CCB29C825E}.DebugExe|Win32.ActiveCfg = Debug|Win32
		{C682E666-7FFD-44F7-B717-78CCB29C825E}.DebugExe|Win32.Build.0 = Debug|Win32
		{C682E666-7FFD-44F7-B717-78CCB29C825E}.EditorDebug|Win32.ActiveCfg = Debug|Win32
		{C682E666-7FFD-44F7-B717-78CCB29C825E}.EditorDebug|Win32.Build.0 = Debug|Win32
		{C682E666-7FFD-44F7-B717-78CCB29C825E}.EditorRelease|Win32.ActiveCfg = Release|Win32
		{C682E666-7FFD-44F7-B717-78CCB29C825E}.EditorRelease|Win32.Build.0 = Release|Win32
		{C682E666-7FFD-44F7-B717-78CCB29C825E}.Release|Win32.ActiveCfg = Release|Win32
		{C682E666-7FFD-44F7-B717-78CCB29C825E}.Release|Win32.Build.0 = Release|Win32
		{61566E24-14DC-456C-A864-772C5064FDBA}.Debug|Win32.ActiveCfg = Debug|Win32
		{61566E24-14DC-456C-A864-772C5064FDBA}.Debug|Win32.Build.0 = Debug|Win32
		{61566E24-14DC-456C-A864-772C5064FDBA}.DebugExe|Win32.ActiveCfg = Debug|Win32
		{61566E24-14DC-456C-A864-772C5064FDBA}.DebugExe|Win32.Build.0 = Debug|Win32
		{61566E24-14DC-456C-A864-772C5064FDBA}.EditorDebug|Win32.ActiveCfg = Debug|Win32
		{61566E24-14DC-456C-A864-772C5064FDBA}.EditorDebug|Win32.Build.0 = Debug|Win32
		{61566E24-14DC-456C-A864-772C5064FDBA}.EditorRelease|Win32.ActiveCfg = Release|Win32
		{61566E24-14DC-456C-A864-772C5064FDBA}.EditorRelease|Win32.Build.0 = Release|Win32
		{61566E24-14DC-456C-A864-772C5064FDBA}.Release|Win32.ActiveCfg = Release|Win32
		{61566E24-14DC-456C-A864-772C5064FDBA}.Release|Win32.Build.0 = Release|Win32
		{E42D8FF7-12C1-4105-AFFD-4376291B8726}.Debug|Win32.ActiveCfg = Debug|Win32
		{E42D8FF7-12C1-4105-AFFD-4376291B8726}.Debug|Win32.Build.0 = Debug|Win32
		{E42D8FF7-12C1-4105-AFFD-4376291B8726}.DebugExe|Win32.ActiveCfg = DebugExe|Win32
		{E42D8FF7-12C1-4105-AFFD-4376291B8726}.DebugExe|Win32.Build.0 = DebugExe|Win32
		{E42D8FF7-12C1-4105-AFFD-4376291B8726}.EditorDebug|Win32.ActiveCfg = Debug|Win32
		{E42D8FF7-12C1-4105-AFFD-4376291B8726}.EditorDebug|Win32.Build.0 = Debug|Win32
		{E42D8FF7-12C1-4105-AFFD-4376291B8726}.EditorRelease|Win32.ActiveCfg = Release|Win32
		{E42D8FF7-12C1-4105-AFFD-4376291B8726}.EditorRelease|Win32.Build.0 = Release|Win32
		{E42D8FF7-12C1-4105-AFFD-4376291B8726}.Release|Win32.ActiveCfg = Release|Win32
		{E42D8FF7-12C1-4105-AFFD-4376291B8726}.Release|Win32.Build.0 = Release|Win32
		{E28810F1-EF61-463A-87B6-87AA347B301F}.Debug|Win32.ActiveCfg = Debug|Win32
		{E28810F1-EF61-463A-87B6-87AA347B301F}.Debug|Win32.Build.0 = Debug|Win32
		{E28810F1-EF61-463A-87B6-87AA347B301F}.DebugExe|Win32.ActiveCfg = Debug|Win32
		{E28810F1-EF61-463A-87B6-87AA347B301F}.DebugExe|Win32.Build.0 = Debug|Win32
		{E28810F1-EF61-463A-87B6-87AA347B301F}.EditorDebug|Win32.ActiveCfg = Debug|Win32
		{E28810F1-EF61-463A-87B6-87AA347B301F}.EditorDebug|Win32.Build.0 = Debug|Win32
		{E28810F1-EF61-463A-87B6-87AA347B301F}.EditorRelease|Win32.ActiveCfg = Release|Win32
		{E28810F1-EF61-463A-87B6-87AA347B301F}.EditorRelease|Win32.Build.0 = Release|Win32
		{E28810F1-EF61-463A-87B6-87AA347B301F}.Release|Win32.ActiveCfg = Release|Win32
		{E28810F1-EF61-463A-87B6-87AA347B301F}.Release|Win32.Build.0 = Release|Win32
		{36FF0DC6-DE9E-4634-AC97-7A6DD66858C0}.Debug|Win32.ActiveCfg = Debug|Win32
		{36FF0DC6-DE9E-4634-AC97-7A6DD66858C0}.Debug|Win32.Build.0 = Debug|Win32
		{36FF0DC6-DE9E-4634-AC97-7A6DD66858C0}.DebugExe|Win32.ActiveCfg = Debug|Win32
		{36FF0DC6-DE9E-4634-AC97-7A6DD66858C0}.DebugExe|Win32.Build.0 = Debug|Win32
		{36FF0DC6-DE9E-4634-AC97-7A6DD66858C0}.EditorDebug|Win32.ActiveCfg = Debug|Win32
		{36FF0DC6-DE9E-4634-AC97-7A6DD66858C0}.EditorDebug|Win32.Build.0 = Debug|Win32
		{36FF0DC6-DE9E-4634-AC97-7A6DD66858C0}.EditorRelease|Win32.ActiveCfg = Release|Win32
		{36FF0DC6-DE9E-4634-AC97-7A6DD66858C0}.EditorRelease|Win32.Build.0 = Release|Win32
		{36FF0DC6-DE9E-4634-AC97-7A6DD66858C0}.Release|Win32.ActiveCfg = Release|Win32
		{36FF0DC6-DE9E-4634-AC97-7A6DD66858C0}.Release|Win32.Build.0 = Release|Win32
		{C3234B95-9A4A-49CA-9358-027A1939BBE8}.Debug|Win32.ActiveCfg = Debug|Win32
		{C3234B95-9A4A-49CA-9358-027A1939BBE8}.Debug|Win32.Build.0 = Debug|Win32
		{C3234B95-9A4A-49CA-9358-027A1939BBE8}.DebugExe|Win32.ActiveCfg = Debug|Win32
		{C3234B95-9A4A-49CA-9358-027A1939BBE8}.DebugExe|Win32.Build.0 = Debug|Win32
		{C3234B95-9A4A-49CA-9358-027A1939BBE8}.EditorDebug|Win32.ActiveCfg = Debug|Win32
		{C3234B95-9A4A-49CA-9358-027A1939BBE8}.EditorDebug|Win32.Build.0 = Debug|Win32
		{C3234B95-9A4A-49CA-9358-027A1939BBE8}.EditorRelease|Win32.ActiveCfg = Release|Win32
		{C3234B95-9A4A-49CA-9358-027A1939BBE8}.EditorRelease|Win32.Build.0 = Release|Win32
		{C3234B95-9A4A-49CA-9358-027A1939BBE8}.Release|Win32.ActiveCfg = Release|Win32
		{C3234B95-9A4A-49CA-9358-027A1939BBE8}.Release|Win32.Build.0 = Release|Win32
		{7CBABEF6-033F-4796-A924-3F4024A36CD1}.Debug|Win32.ActiveCfg = Debug|Win32
		{7CBABEF6-033F-4796-A924-3F4024A36CD1}.Debug|Win32.Build.0 = Debug|Win32
		{7CBABEF6-033F-4796-A924-3F4024A36CD1}.DebugExe|Win32.ActiveCfg = Debug|Win32
		{7CBABEF6-033F-4796-A924-3F4024A36CD1}.DebugExe|Win32.Build.0 = Debug|Win32
		{7CBABEF6-033F-4796-A924-3F4024A36CD1}.EditorDebug|Win32.ActiveCfg = Debug|Win32
		{7CBABEF6-033F-4796-A924-3F4024A36CD1}.EditorDebug|Win32.Build.0 = Debug|Win32
		{7CBABEF6-033F-4796-A924-3F4024A36CD1}.EditorRelease|Win32.ActiveCfg = Release|Win32
		{7CBABEF6-033F-4796-A924-3F4024A36CD1}.EditorRelease|Win32.Build.0 = Release|Win32
		{7CBABEF6-033F-4796-A924-3F4024A36CD1}.Release|Win32.ActiveCfg = Release|Win32
		{7CBABEF6-033F-4796-A924-3F4024A36CD1}.Release|Win32.Build.0 = Release|Win32
		{EE988254-43FD-40A6-85AE-AA484107AD9C}.Debug|Win32.ActiveCfg = Debug|Win32
		{EE988254-43FD-40A6-85AE-AA484107AD9C}.Debug|Win32.Build.0 = Debug|Win32
		{EE988254-43FD-40A6-85AE-AA484107AD9C}.DebugExe|Win32.ActiveCfg = Debug|Win32
		{EE988254-43FD-40A6-85AE-AA484107AD9C}.DebugExe|Win32.Build.0 = Debug|Win32
		{EE988254-43FD-40A6-85AE-AA484107AD9C}.EditorDebug|Win32.ActiveCfg = Debug|Win32
		{EE988254-43FD-40A6-85AE-AA484107AD9C}.EditorDebug|Win32.Build.0 = Debug|Win32
		{EE988254-43FD-40A6-85AE-AA484107AD9C}.EditorRelease|Win32.ActiveCfg = Release|Win32
		{EE988254-43FD-40A6-85AE-AA484107AD9C}.EditorRelease|Win32.Build.0 = Release|Win32
		{EE988254-43FD-40A6-85AE-AA484107AD9C}.Release|Win32.ActiveCfg = Release|Win32
		{EE988254-43FD-40A6-85AE-AA484107AD9C}.Release|Win32.Build.0 = Release|Win32
		{A1D8E0F7-1A31-488E-A00D-E9E932E33638}.Debug|Win32.ActiveCfg = Debug|Win32
		{A1D8E0F7-1A31-488E-A00D-E9E932E33638}.Debug|Win32.Build.0 = Debug|Win32
		{A1D8E0F7-1A31-488E-A00D-E9E932E33638}.DebugExe|Win32.ActiveCfg = Debug|Win32
		{A1D8E0F7-1A31-488E-A00D-E9E932E33638}.DebugExe|Win32.Build.0 = Debug|Win32
		{A1D8E0F7-1A31-488E-A00D-E9E932E33638}.EditorDebug|Win32.ActiveCfg = Debug|Win32
		{A1D8E0F7-1A31-488E-A00D-E9E932E33638}.EditorDebug|Win32.Build.0 = Debug|Win32
		{A1D8E0F7-1A31-488E-A00D-E9E932E33638}.EditorRelease|Win32.ActiveCfg = Release|Win32
		{A1D8E0F7-1A31-488E-A00D-E9E932E33638}.EditorRelease|Win32.Build.0 = Release|Win32
		{A1D8E0F7-1A31-488E-A00D-E9E932E33638}.Release|Win32.ActiveCfg = Release|Win32
		{A1D8E0F7-1A31-488E-A00D-E9E932E33638}.Release|Win32.Build.0 = Release|Win32
		{CF682BF0-2596-44B6-9599-4FB28DB2693C}.Debug|Win32.ActiveCfg = Debug|Win32
		{CF682BF0-2596-44B6-9599-4FB28DB2693C}.Debug|Win32.Build.0 = Debug|Win32
		{CF682BF0-2596-44B6-9599-4FB28DB2693C}.DebugExe|Win32.ActiveCfg = Debug|Win32
		{CF682BF0-2596-44B6-9599-4FB28DB2693C}.DebugExe|Win32.Build.0 = Debug|Win32
		{CF682BF0-2596-44B6-9599-4FB28DB2693C}.EditorDebug|Win32.ActiveCfg = Debug|Win32
		{CF682BF0-2596-44B6-9599-4FB28DB2693C}.EditorDebug|Win32.Build.0 = Debug|Win32
		{CF682BF0-2596-44B6-9599-4FB28DB2693C}.EditorRelease|Win32.ActiveCfg = Release|Win32
		{CF682BF0-2596-44B6-9599-4FB28DB2693C}.EditorRelease|Win32.Build.0 = Release|Win32
		{CF682BF0-2596-44B6-9599-4FB28DB2693C}.Release|Win32.ActiveCfg = Release|Win32
		{CF682BF0-2596-44B6-9599-4FB28DB2693C}.Release|Win32.Build.0 = Release|Win32
	EndGlobalSection
	GlobalSection(SolutionProperties) = preSolution
		HideSolutionNode = FALSE
	EndGlobalSection
	GlobalSection(NestedProjects) = preSolution
		{E42D8FF7-12C1-4105-AFFD-4376291B8726} = {BF448BF9-4A00-426F-9E6C-1568088D7EFE}
		{E28810F1-EF61-463A-87B6-87AA347B301F} = {BF448BF9-4A00-426F-9E6C-1568088D7EFE}
		{36FF0DC6-DE9E-4634-AC97-7A6DD66858C0} = {BF448BF9-4A00-426F-9E6C-1568088D7EFE}
		{C3234B95-9A4A-49CA-9358-027A1939BBE8} = {BF448BF9-4A00-426F-9E6C-1568088D7EFE}
		{7CBABEF6-033F-4796-A924-3F4024A36CD1} = {A995FA9D-F2B7-459D-A696-76677099A950}
		{EE988254-43FD-40A6-85AE-AA484107AD9C} = {A995FA9D-F2B7-459D-A696-76677099A950}
		{A1D8E0F7-1A31-488E-A00D-E9E932E33638} = {6D904FB7-7145-4AF8-AF2B-58F2E139BE37}
	EndGlobalSection
EndGlobal
