
Microsoft Visual Studio Solution File, Format Version 10.00
# Visual C# Express 2008
Project("{FAE04EC0-301F-11D3-BF4B-00C04F79EFBC}") = "MengeProjectBuilder", "MengeProjectBuilder.csproj", "{78343A34-70DB-4CD6-9AD8-7FDAB73A350D}"
EndProject
Global
	GlobalSection(SolutionConfigurationPlatforms) = preSolution
		Debug|Any CPU = Debug|Any CPU
		Release|Any CPU = Release|Any CPU
	EndGlobalSection
	GlobalSection(ProjectConfigurationPlatforms) = postSolution
		{78343A34-70DB-4CD6-9AD8-7FDAB73A350D}.Debug|Any CPU.ActiveCfg = Debug|Any CPU
		{78343A34-70DB-4CD6-9AD8-7FDAB73A350D}.Debug|Any CPU.Build.0 = Debug|Any CPU
		{78343A34-70DB-4CD6-9AD8-7FDAB73A350D}.Release|Any CPU.ActiveCfg = Release|Any CPU
		{78343A34-70DB-4CD6-9AD8-7FDAB73A350D}.Release|Any CPU.Build.0 = Release|Any CPU
	EndGlobalSection
	GlobalSection(SolutionProperties) = preSolution
		HideSolutionNode = FALSE
	EndGlobalSection
	GlobalSection(DPCodeReviewSolutionGUID) = preSolution
		DPCodeReviewSolutionGUID = {00000000-0000-0000-0000-000000000000}
	EndGlobalSection
EndGlobal
