
Microsoft Visual Studio Solution File, Format Version 9.00
# Visual Studio 2005
Project("{FAE04EC0-301F-11D3-BF4B-00C04F79EFBC}") = "ExportDll", "ExportDll\ExportDll.csproj", "{723164DA-837A-4460-9A9D-A48B96120144}"
EndProject
Project("{FAE04EC0-301F-11D3-BF4B-00C04F79EFBC}") = "ExportDllAttribute", "ExportDllAttribute\ExportDllAttribute.csproj", "{CE532AF8-3DC3-440C-B59C-56F099985F74}"
EndProject
Global
	GlobalSection(SolutionConfigurationPlatforms) = preSolution
		Debug|Any CPU = Debug|Any CPU
		Release|Any CPU = Release|Any CPU
	EndGlobalSection
	GlobalSection(ProjectConfigurationPlatforms) = postSolution
		{723164DA-837A-4460-9A9D-A48B96120144}.Debug|Any CPU.ActiveCfg = Debug|Any CPU
		{723164DA-837A-4460-9A9D-A48B96120144}.Debug|Any CPU.Build.0 = Debug|Any CPU
		{723164DA-837A-4460-9A9D-A48B96120144}.Release|Any CPU.ActiveCfg = Release|Any CPU
		{723164DA-837A-4460-9A9D-A48B96120144}.Release|Any CPU.Build.0 = Release|Any CPU
		{CE532AF8-3DC3-440C-B59C-56F099985F74}.Debug|Any CPU.ActiveCfg = Debug|Any CPU
		{CE532AF8-3DC3-440C-B59C-56F099985F74}.Debug|Any CPU.Build.0 = Debug|Any CPU
		{CE532AF8-3DC3-440C-B59C-56F099985F74}.Release|Any CPU.ActiveCfg = Release|Any CPU
		{CE532AF8-3DC3-440C-B59C-56F099985F74}.Release|Any CPU.Build.0 = Release|Any CPU
	EndGlobalSection
	GlobalSection(SolutionProperties) = preSolution
		HideSolutionNode = FALSE
	EndGlobalSection
EndGlobal
