
Microsoft Visual Studio Solution File, Format Version 9.00
# Visual Studio 2005
Project("{FAE04EC0-301F-11D3-BF4B-00C04F79EFBC}") = "ProtocolReader", "Protocol\ProtocolReader.csproj", "{29347592-3EF9-4D80-B46D-EFBFDB305819}"
EndProject
Project("{FAE04EC0-301F-11D3-BF4B-00C04F79EFBC}") = "Xml2Bin", "Xml2Bin\Xml2Bin.csproj", "{84E23B7A-44C9-4E17-8897-EF7FA587D4C9}"
	ProjectSection(ProjectDependencies) = postProject
		{29347592-3EF9-4D80-B46D-EFBFDB305819} = {29347592-3EF9-4D80-B46D-EFBFDB305819}
	EndProjectSection
EndProject
Project("{FAE04EC0-301F-11D3-BF4B-00C04F79EFBC}") = "HeaderCreationTool", "HeaderCreationTool\HeaderCreationTool.csproj", "{283EB07D-CBF9-4233-B236-90452D250EFE}"
EndProject
Project("{8BC9CEB8-8B4A-11D0-8D11-00A0C91BC942}") = "CPPConverterTest", "CPPConverterTest\CPPConverterTest.vcproj", "{49E65009-F928-45F9-A77D-1721C3822434}"
	ProjectSection(ProjectDependencies) = postProject
		{84E23B7A-44C9-4E17-8897-EF7FA587D4C9} = {84E23B7A-44C9-4E17-8897-EF7FA587D4C9}
	EndProjectSection
EndProject
Project("{FAE04EC0-301F-11D3-BF4B-00C04F79EFBC}") = "CSharpConverterTest", "CSharpConverterTest\CSharpConverterTest.csproj", "{BEF5F80C-D0A6-44BB-899D-8ED46E7B650B}"
EndProject
Global
	GlobalSection(SolutionConfigurationPlatforms) = preSolution
		Debug|Any CPU = Debug|Any CPU
		Debug|Mixed Platforms = Debug|Mixed Platforms
		Debug|Win32 = Debug|Win32
		Release|Any CPU = Release|Any CPU
		Release|Mixed Platforms = Release|Mixed Platforms
		Release|Win32 = Release|Win32
	EndGlobalSection
	GlobalSection(ProjectConfigurationPlatforms) = postSolution
		{29347592-3EF9-4D80-B46D-EFBFDB305819}.Debug|Any CPU.ActiveCfg = Debug|Any CPU
		{29347592-3EF9-4D80-B46D-EFBFDB305819}.Debug|Any CPU.Build.0 = Debug|Any CPU
		{29347592-3EF9-4D80-B46D-EFBFDB305819}.Debug|Mixed Platforms.ActiveCfg = Debug|Any CPU
		{29347592-3EF9-4D80-B46D-EFBFDB305819}.Debug|Mixed Platforms.Build.0 = Debug|Any CPU
		{29347592-3EF9-4D80-B46D-EFBFDB305819}.Debug|Win32.ActiveCfg = Debug|Any CPU
		{29347592-3EF9-4D80-B46D-EFBFDB305819}.Release|Any CPU.ActiveCfg = Release|Any CPU
		{29347592-3EF9-4D80-B46D-EFBFDB305819}.Release|Any CPU.Build.0 = Release|Any CPU
		{29347592-3EF9-4D80-B46D-EFBFDB305819}.Release|Mixed Platforms.ActiveCfg = Release|Any CPU
		{29347592-3EF9-4D80-B46D-EFBFDB305819}.Release|Mixed Platforms.Build.0 = Release|Any CPU
		{29347592-3EF9-4D80-B46D-EFBFDB305819}.Release|Win32.ActiveCfg = Release|Any CPU
		{84E23B7A-44C9-4E17-8897-EF7FA587D4C9}.Debug|Any CPU.ActiveCfg = Release|Any CPU
		{84E23B7A-44C9-4E17-8897-EF7FA587D4C9}.Debug|Any CPU.Build.0 = Release|Any CPU
		{84E23B7A-44C9-4E17-8897-EF7FA587D4C9}.Debug|Mixed Platforms.ActiveCfg = Debug|Any CPU
		{84E23B7A-44C9-4E17-8897-EF7FA587D4C9}.Debug|Mixed Platforms.Build.0 = Debug|Any CPU
		{84E23B7A-44C9-4E17-8897-EF7FA587D4C9}.Debug|Win32.ActiveCfg = Debug|Any CPU
		{84E23B7A-44C9-4E17-8897-EF7FA587D4C9}.Release|Any CPU.ActiveCfg = Release|Any CPU
		{84E23B7A-44C9-4E17-8897-EF7FA587D4C9}.Release|Any CPU.Build.0 = Release|Any CPU
		{84E23B7A-44C9-4E17-8897-EF7FA587D4C9}.Release|Mixed Platforms.ActiveCfg = Release|Any CPU
		{84E23B7A-44C9-4E17-8897-EF7FA587D4C9}.Release|Mixed Platforms.Build.0 = Release|Any CPU
		{84E23B7A-44C9-4E17-8897-EF7FA587D4C9}.Release|Win32.ActiveCfg = Release|Any CPU
		{283EB07D-CBF9-4233-B236-90452D250EFE}.Debug|Any CPU.ActiveCfg = Debug|Any CPU
		{283EB07D-CBF9-4233-B236-90452D250EFE}.Debug|Any CPU.Build.0 = Debug|Any CPU
		{283EB07D-CBF9-4233-B236-90452D250EFE}.Debug|Mixed Platforms.ActiveCfg = Debug|Any CPU
		{283EB07D-CBF9-4233-B236-90452D250EFE}.Debug|Mixed Platforms.Build.0 = Debug|Any CPU
		{283EB07D-CBF9-4233-B236-90452D250EFE}.Debug|Win32.ActiveCfg = Debug|Any CPU
		{283EB07D-CBF9-4233-B236-90452D250EFE}.Release|Any CPU.ActiveCfg = Release|Any CPU
		{283EB07D-CBF9-4233-B236-90452D250EFE}.Release|Any CPU.Build.0 = Release|Any CPU
		{283EB07D-CBF9-4233-B236-90452D250EFE}.Release|Mixed Platforms.ActiveCfg = Release|Any CPU
		{283EB07D-CBF9-4233-B236-90452D250EFE}.Release|Mixed Platforms.Build.0 = Release|Any CPU
		{283EB07D-CBF9-4233-B236-90452D250EFE}.Release|Win32.ActiveCfg = Release|Any CPU
		{49E65009-F928-45F9-A77D-1721C3822434}.Debug|Any CPU.ActiveCfg = Debug|Win32
		{49E65009-F928-45F9-A77D-1721C3822434}.Debug|Any CPU.Build.0 = Debug|Win32
		{49E65009-F928-45F9-A77D-1721C3822434}.Debug|Mixed Platforms.ActiveCfg = Debug|Win32
		{49E65009-F928-45F9-A77D-1721C3822434}.Debug|Mixed Platforms.Build.0 = Debug|Win32
		{49E65009-F928-45F9-A77D-1721C3822434}.Debug|Win32.ActiveCfg = Debug|Win32
		{49E65009-F928-45F9-A77D-1721C3822434}.Debug|Win32.Build.0 = Debug|Win32
		{49E65009-F928-45F9-A77D-1721C3822434}.Release|Any CPU.ActiveCfg = Release|Win32
		{49E65009-F928-45F9-A77D-1721C3822434}.Release|Mixed Platforms.ActiveCfg = Release|Win32
		{49E65009-F928-45F9-A77D-1721C3822434}.Release|Mixed Platforms.Build.0 = Release|Win32
		{49E65009-F928-45F9-A77D-1721C3822434}.Release|Win32.ActiveCfg = Release|Win32
		{49E65009-F928-45F9-A77D-1721C3822434}.Release|Win32.Build.0 = Release|Win32
		{BEF5F80C-D0A6-44BB-899D-8ED46E7B650B}.Debug|Any CPU.ActiveCfg = Debug|Any CPU
		{BEF5F80C-D0A6-44BB-899D-8ED46E7B650B}.Debug|Any CPU.Build.0 = Debug|Any CPU
		{BEF5F80C-D0A6-44BB-899D-8ED46E7B650B}.Debug|Mixed Platforms.ActiveCfg = Debug|Any CPU
		{BEF5F80C-D0A6-44BB-899D-8ED46E7B650B}.Debug|Mixed Platforms.Build.0 = Debug|Any CPU
		{BEF5F80C-D0A6-44BB-899D-8ED46E7B650B}.Debug|Win32.ActiveCfg = Debug|Any CPU
		{BEF5F80C-D0A6-44BB-899D-8ED46E7B650B}.Release|Any CPU.ActiveCfg = Release|Any CPU
		{BEF5F80C-D0A6-44BB-899D-8ED46E7B650B}.Release|Any CPU.Build.0 = Release|Any CPU
		{BEF5F80C-D0A6-44BB-899D-8ED46E7B650B}.Release|Mixed Platforms.ActiveCfg = Release|Any CPU
		{BEF5F80C-D0A6-44BB-899D-8ED46E7B650B}.Release|Mixed Platforms.Build.0 = Release|Any CPU
		{BEF5F80C-D0A6-44BB-899D-8ED46E7B650B}.Release|Win32.ActiveCfg = Release|Any CPU
	EndGlobalSection
	GlobalSection(SolutionProperties) = preSolution
		HideSolutionNode = FALSE
	EndGlobalSection
EndGlobal
